
Microsoft Visual Studio Solution File, Format Version 12.00
# Visual Studio Version 17
VisualStudioVersion = 17.7.34024.191
MinimumVisualStudioVersion = 10.0.40219.1
Project("{FAE04EC0-301F-11D3-BF4B-00C04F79EFBC}") = "Jokes", "Jokes\Jokes.csproj", "{2E5634D2-363F-452E-9158-94E7B725F1ED}"
EndProject
Global
	GlobalSection(SolutionConfigurationPlatforms) = preSolution
		Debug|Any CPU = Debug|Any CPU
		Release|Any CPU = Release|Any CPU
	EndGlobalSection
	GlobalSection(ProjectConfigurationPlatforms) = postSolution
		{2E5634D2-363F-452E-9158-94E7B725F1ED}.Debug|Any CPU.ActiveCfg = Debug|Any CPU
		{2E5634D2-363F-452E-9158-94E7B725F1ED}.Debug|Any CPU.Build.0 = Debug|Any CPU
		{2E5634D2-363F-452E-9158-94E7B725F1ED}.Release|Any CPU.ActiveCfg = Release|Any CPU
		{2E5634D2-363F-452E-9158-94E7B725F1ED}.Release|Any CPU.Build.0 = Release|Any CPU
	EndGlobalSection
	GlobalSection(SolutionProperties) = preSolution
		HideSolutionNode = FALSE
	EndGlobalSection
	GlobalSection(ExtensibilityGlobals) = postSolution
		SolutionGuid = {C440BD91-5B7E-4C8D-B1E5-5015D78AEE1D}
	EndGlobalSection
EndGlobal
